{
  "name": "sql_in_browser",
  "lockfileVersion": 3,
  "requires": true,
  "packages": {
    "": {
      "dependencies": {
        "jsstore": "^4.5.2",
        "sqlweb": "^1.6.2"
      }
    },
    "node_modules/jsstore": {
      "version": "4.5.2",
      "resolved": "https://registry.npmjs.org/jsstore/-/jsstore-4.5.2.tgz",
      "integrity": "sha512-mqzfzKC74WJzMgwB7t11zzBbttomMArCHnAsVogO07f+dwk2lcY6aXAaQaddtp1l9zOiDsZ63iNSJDjy8loNvQ=="
    },
    "node_modules/sqlweb": {
      "version": "1.6.2",
      "resolved": "https://registry.npmjs.org/sqlweb/-/sqlweb-1.6.2.tgz",
      "integrity": "sha512-fTqmRVJwmSmtMuBxMhQ9AeweNALFJCyKgZv6I/TabVGvwS7B/oegoNbxHDtGnQjrcEu/ENH0t3Czf8+D2Vdb9w==",
      "peerDependencies": {
        "jsstore": ">=4.0.3"
      }
    }
  }
}
